
Microsoft Visual Studio Solution File, Format Version 12.00
# Visual Studio Version 17
VisualStudioVersion = 17.2.32630.192
MinimumVisualStudioVersion = 10.0.40219.1
Project("{9A19103F-16F7-4668-BE54-9A1E7A4F7556}") = "PrivateOS", "PrivateOS.csproj", "{8D6667EC-60C0-40FD-A4BC-A81173F097EB}"
EndProject
Global
	GlobalSection(SolutionConfigurationPlatforms) = preSolution
		Debug|Any CPU = Debug|Any CPU
		Release|Any CPU = Release|Any CPU
	EndGlobalSection
	GlobalSection(ProjectConfigurationPlatforms) = postSolution
		{8D6667EC-60C0-40FD-A4BC-A81173F097EB}.Debug|Any CPU.ActiveCfg = Debug|Any CPU
		{8D6667EC-60C0-40FD-A4BC-A81173F097EB}.Debug|Any CPU.Build.0 = Debug|Any CPU
		{8D6667EC-60C0-40FD-A4BC-A81173F097EB}.Release|Any CPU.ActiveCfg = Release|Any CPU
		{8D6667EC-60C0-40FD-A4BC-A81173F097EB}.Release|Any CPU.Build.0 = Release|Any CPU
	EndGlobalSection
	GlobalSection(SolutionProperties) = preSolution
		HideSolutionNode = FALSE
	EndGlobalSection
	GlobalSection(ExtensibilityGlobals) = postSolution
		SolutionGuid = {802752BB-610C-47F8-BE02-2EA044F6A6B3}
	EndGlobalSection
EndGlobal
